
Microsoft Visual Studio Solution File, Format Version 12.00
# Visual Studio Version 17
VisualStudioVersion = 17.14.36203.30 d17.14
MinimumVisualStudioVersion = 10.0.40219.1
Project("{FAE04EC0-301F-11D3-BF4B-00C04F79EFBC}") = "Assignment", "Assignment\Assignment.csproj", "{2EECD776-1661-4F3F-BA94-1971560DB7CA}"
EndProject
Global
	GlobalSection(SolutionConfigurationPlatforms) = preSolution
		Debug|Any CPU = Debug|Any CPU
		Release|Any CPU = Release|Any CPU
	EndGlobalSection
	GlobalSection(ProjectConfigurationPlatforms) = postSolution
		{2EECD776-1661-4F3F-BA94-1971560DB7CA}.Debug|Any CPU.ActiveCfg = Debug|Any CPU
		{2EECD776-1661-4F3F-BA94-1971560DB7CA}.Debug|Any CPU.Build.0 = Debug|Any CPU
		{2EECD776-1661-4F3F-BA94-1971560DB7CA}.Release|Any CPU.ActiveCfg = Release|Any CPU
		{2EECD776-1661-4F3F-BA94-1971560DB7CA}.Release|Any CPU.Build.0 = Release|Any CPU
	EndGlobalSection
	GlobalSection(SolutionProperties) = preSolution
		HideSolutionNode = FALSE
	EndGlobalSection
	GlobalSection(ExtensibilityGlobals) = postSolution
		SolutionGuid = {3D05DEDE-7324-4049-B580-1E57B2806E08}
	EndGlobalSection
EndGlobal
