
Microsoft Visual Studio Solution File, Format Version 12.00
# Visual Studio Version 17
VisualStudioVersion = 17.14.36203.30
MinimumVisualStudioVersion = 10.0.40219.1
Project("{FAE04EC0-301F-11D3-BF4B-00C04F79EFBC}") = "Threading", "Threading\Threading.csproj", "{0BE278DD-92B2-4DFA-AB8D-FA954A802C58}"
EndProject
Project("{FAE04EC0-301F-11D3-BF4B-00C04F79EFBC}") = "Threading2", "Threading2\Threading2.csproj", "{850B5C76-961B-4585-A177-85BE013A8366}"
EndProject
Project("{FAE04EC0-301F-11D3-BF4B-00C04F79EFBC}") = "Threading3", "Threading3\Threading3.csproj", "{1FEECA31-3F4F-488E-B0D6-00C9AF2A5BEE}"
EndProject
Project("{FAE04EC0-301F-11D3-BF4B-00C04F79EFBC}") = "Synchronisation", "Synchronisation\Synchronisation.csproj", "{A6DB956A-CE8B-4108-92B6-83FDE502ED64}"
EndProject
Project("{FAE04EC0-301F-11D3-BF4B-00C04F79EFBC}") = "Locking", "Locking\Locking.csproj", "{B9D04629-DBBA-4664-8029-8912004B6D8B}"
EndProject
Global
	GlobalSection(SolutionConfigurationPlatforms) = preSolution
		Debug|Any CPU = Debug|Any CPU
		Release|Any CPU = Release|Any CPU
	EndGlobalSection
	GlobalSection(ProjectConfigurationPlatforms) = postSolution
		{0BE278DD-92B2-4DFA-AB8D-FA954A802C58}.Debug|Any CPU.ActiveCfg = Debug|Any CPU
		{0BE278DD-92B2-4DFA-AB8D-FA954A802C58}.Debug|Any CPU.Build.0 = Debug|Any CPU
		{0BE278DD-92B2-4DFA-AB8D-FA954A802C58}.Release|Any CPU.ActiveCfg = Release|Any CPU
		{0BE278DD-92B2-4DFA-AB8D-FA954A802C58}.Release|Any CPU.Build.0 = Release|Any CPU
		{850B5C76-961B-4585-A177-85BE013A8366}.Debug|Any CPU.ActiveCfg = Debug|Any CPU
		{850B5C76-961B-4585-A177-85BE013A8366}.Debug|Any CPU.Build.0 = Debug|Any CPU
		{850B5C76-961B-4585-A177-85BE013A8366}.Release|Any CPU.ActiveCfg = Release|Any CPU
		{850B5C76-961B-4585-A177-85BE013A8366}.Release|Any CPU.Build.0 = Release|Any CPU
		{1FEECA31-3F4F-488E-B0D6-00C9AF2A5BEE}.Debug|Any CPU.ActiveCfg = Debug|Any CPU
		{1FEECA31-3F4F-488E-B0D6-00C9AF2A5BEE}.Debug|Any CPU.Build.0 = Debug|Any CPU
		{1FEECA31-3F4F-488E-B0D6-00C9AF2A5BEE}.Release|Any CPU.ActiveCfg = Release|Any CPU
		{1FEECA31-3F4F-488E-B0D6-00C9AF2A5BEE}.Release|Any CPU.Build.0 = Release|Any CPU
		{A6DB956A-CE8B-4108-92B6-83FDE502ED64}.Debug|Any CPU.ActiveCfg = Debug|Any CPU
		{A6DB956A-CE8B-4108-92B6-83FDE502ED64}.Debug|Any CPU.Build.0 = Debug|Any CPU
		{A6DB956A-CE8B-4108-92B6-83FDE502ED64}.Release|Any CPU.ActiveCfg = Release|Any CPU
		{A6DB956A-CE8B-4108-92B6-83FDE502ED64}.Release|Any CPU.Build.0 = Release|Any CPU
		{B9D04629-DBBA-4664-8029-8912004B6D8B}.Debug|Any CPU.ActiveCfg = Debug|Any CPU
		{B9D04629-DBBA-4664-8029-8912004B6D8B}.Debug|Any CPU.Build.0 = Debug|Any CPU
		{B9D04629-DBBA-4664-8029-8912004B6D8B}.Release|Any CPU.ActiveCfg = Release|Any CPU
		{B9D04629-DBBA-4664-8029-8912004B6D8B}.Release|Any CPU.Build.0 = Release|Any CPU
	EndGlobalSection
	GlobalSection(SolutionProperties) = preSolution
		HideSolutionNode = FALSE
	EndGlobalSection
	GlobalSection(ExtensibilityGlobals) = postSolution
		SolutionGuid = {E2D13976-A4C5-480A-B7D5-EAA4FB6E3804}
	EndGlobalSection
EndGlobal
